{
  "lockfile_version": "1",
  "packages": {
    "gh@2.69.0": {
      "last_modified": "2025-04-08T07:10:31Z",
      "resolved": "github:NixOS/nixpkgs/b2b0718004cc9a5bca610326de0a82e6ea75920b#gh",
      "source": "devbox-search",
      "version": "2.69.0",
      "systems": {
        "aarch64-darwin": {
          "outputs": [
            {
              "name": "out",
              "path": "/nix/store/68qkvw2pfpnajdm8s9gbnwwx1n26b2jv-gh-2.69.0",
              "default": true
            }
          ],
          "store_path": "/nix/store/68qkvw2pfpnajdm8s9gbnwwx1n26b2jv-gh-2.69.0"
        },
        "aarch64-linux": {
          "outputs": [
            {
              "name": "out",
              "path": "/nix/store/j3p8s8lqhqqc6kg3w8khcgnfh9isf4py-gh-2.69.0",
              "default": true
            }
          ],
          "store_path": "/nix/store/j3p8s8lqhqqc6kg3w8khcgnfh9isf4py-gh-2.69.0"
        },
        "x86_64-darwin": {
          "outputs": [
            {
              "name": "out",
              "path": "/nix/store/1nk3pd01m0mqgssimdzps9c3qvw76yj4-gh-2.69.0",
              "default": true
            }
          ],
          "store_path": "/nix/store/1nk3pd01m0mqgssimdzps9c3qvw76yj4-gh-2.69.0"
        },
        "x86_64-linux": {
          "outputs": [
            {
              "name": "out",
              "path": "/nix/store/a42dil5xrgf74ir5nnryhyg4v0ymkpi0-gh-2.69.0",
              "default": true
            }
          ],
          "store_path": "/nix/store/a42dil5xrgf74ir5nnryhyg4v0ymkpi0-gh-2.69.0"
        }
      }
    },
    "github:NixOS/nixpkgs/nixpkgs-unstable": {
      "last_modified": "2025-04-23T03:04:08Z",
      "resolved": "github:NixOS/nixpkgs/507b63021ada5fee621b6ca371c4fca9ca46f52c?lastModified=1745377448&narHash=sha256-jhZDfXVKdD7TSEGgzFJQvEEZ2K65UMiqW5YJ2aIqxMA%3D"
    },
    "k9s@0.40.10": {
      "last_modified": "2025-03-23T05:31:05Z",
      "resolved": "github:NixOS/nixpkgs/dd613136ee91f67e5dba3f3f41ac99ae89c5406b#k9s",
      "source": "devbox-search",
      "version": "0.40.10",
      "systems": {
        "aarch64-darwin": {
          "outputs": [
            {
              "name": "out",
              "path": "/nix/store/c2pa1yiw32mailg012pp9mnrqz9578rw-k9s-0.40.10",
              "default": true
            }
          ],
          "store_path": "/nix/store/c2pa1yiw32mailg012pp9mnrqz9578rw-k9s-0.40.10"
        },
        "aarch64-linux": {
          "outputs": [
            {
              "name": "out",
              "path": "/nix/store/0hj64n3dk36jy7g7w8yjjj4cwd8g91kp-k9s-0.40.10",
              "default": true
            }
          ],
          "store_path": "/nix/store/0hj64n3dk36jy7g7w8yjjj4cwd8g91kp-k9s-0.40.10"
        },
        "x86_64-darwin": {
          "outputs": [
            {
              "name": "out",
              "path": "/nix/store/y351iddyl6gsdsbmm63npx5a8bxhrahd-k9s-0.40.10",
              "default": true
            }
          ],
          "store_path": "/nix/store/y351iddyl6gsdsbmm63npx5a8bxhrahd-k9s-0.40.10"
        },
        "x86_64-linux": {
          "outputs": [
            {
              "name": "out",
              "path": "/nix/store/9cd86frawbphcs6nkdzj3k91fb8z2drr-k9s-0.40.10",
              "default": true
            }
          ],
          "store_path": "/nix/store/9cd86frawbphcs6nkdzj3k91fb8z2drr-k9s-0.40.10"
        }
      }
    },
    "kubectl@1.32.2": {
      "last_modified": "2025-03-11T17:52:14Z",
      "resolved": "github:NixOS/nixpkgs/0d534853a55b5d02a4ababa1d71921ce8f0aee4c#kubectl",
      "source": "devbox-search",
      "version": "1.32.2",
      "systems": {
        "aarch64-darwin": {
          "outputs": [
            {
              "name": "out",
              "path": "/nix/store/cr69x3lwm2bvicn21xijyswvvfvckb78-kubectl-1.32.2",
              "default": true
            },
            {
              "name": "man",
              "path": "/nix/store/h827jr60kqihjv4kgasfibhsrg4hbxmd-kubectl-1.32.2-man",
              "default": true
            },
            {
              "name": "convert",
              "path": "/nix/store/554dpvy977n9871yvc21nqhsnqkdg5fr-kubectl-1.32.2-convert"
            }
          ],
          "store_path": "/nix/store/cr69x3lwm2bvicn21xijyswvvfvckb78-kubectl-1.32.2"
        },
        "aarch64-linux": {
          "outputs": [
            {
              "name": "out",
              "path": "/nix/store/7rr1jk5r28bm92xkjb3if2vr14hafaii-kubectl-1.32.2",
              "default": true
            },
            {
              "name": "man",
              "path": "/nix/store/q97zgj00sazysi9yrr8x52skysk674dx-kubectl-1.32.2-man",
              "default": true
            },
            {
              "name": "convert",
              "path": "/nix/store/wcdr4m7gfanjlfh1bdn528z5vs13lrbr-kubectl-1.32.2-convert"
            }
          ],
          "store_path": "/nix/store/7rr1jk5r28bm92xkjb3if2vr14hafaii-kubectl-1.32.2"
        },
        "x86_64-darwin": {
          "outputs": [
            {
              "name": "out",
              "path": "/nix/store/57xa23ilnjpv6hw0m12n1wb689qf0qv0-kubectl-1.32.2",
              "default": true
            },
            {
              "name": "man",
              "path": "/nix/store/4m6q7f91vq5gzrnq8k9igfvk4glgxp2i-kubectl-1.32.2-man",
              "default": true
            },
            {
              "name": "convert",
              "path": "/nix/store/sg9nw4x2r9ssw2v6f1rii6a8i4fajpa2-kubectl-1.32.2-convert"
            }
          ],
          "store_path": "/nix/store/57xa23ilnjpv6hw0m12n1wb689qf0qv0-kubectl-1.32.2"
        },
        "x86_64-linux": {
          "outputs": [
            {
              "name": "out",
              "path": "/nix/store/z71m7l32ll43nb5cpfs5fb3acaz3rpx2-kubectl-1.32.2",
              "default": true
            },
            {
              "name": "man",
              "path": "/nix/store/0nwm2ksngri57gvgn2vvpcvy2gcz79bb-kubectl-1.32.2-man",
              "default": true
            },
            {
              "name": "convert",
              "path": "/nix/store/52cf0bmr4pqpid2nid4l1b9i1zr8zkgn-kubectl-1.32.2-convert"
            }
          ],
          "store_path": "/nix/store/z71m7l32ll43nb5cpfs5fb3acaz3rpx2-kubectl-1.32.2"
        }
      }
    },
    "kubectx@0.9.5": {
      "last_modified": "2025-03-11T17:52:14Z",
      "resolved": "github:NixOS/nixpkgs/0d534853a55b5d02a4ababa1d71921ce8f0aee4c#kubectx",
      "source": "devbox-search",
      "version": "0.9.5",
      "systems": {
        "aarch64-darwin": {
          "outputs": [
            {
              "name": "out",
              "path": "/nix/store/mv4845y6a2m8vx6ivd44y019gw1m7x38-kubectx-0.9.5",
              "default": true
            }
          ],
          "store_path": "/nix/store/mv4845y6a2m8vx6ivd44y019gw1m7x38-kubectx-0.9.5"
        },
        "aarch64-linux": {
          "outputs": [
            {
              "name": "out",
              "path": "/nix/store/m8cfrxwxcggyj042axqw08p3dnw4f6ry-kubectx-0.9.5",
              "default": true
            }
          ],
          "store_path": "/nix/store/m8cfrxwxcggyj042axqw08p3dnw4f6ry-kubectx-0.9.5"
        },
        "x86_64-darwin": {
          "outputs": [
            {
              "name": "out",
              "path": "/nix/store/cy06a9q2hd23wz175vn4mxxflnrcm9ka-kubectx-0.9.5",
              "default": true
            }
          ],
          "store_path": "/nix/store/cy06a9q2hd23wz175vn4mxxflnrcm9ka-kubectx-0.9.5"
        },
        "x86_64-linux": {
          "outputs": [
            {
              "name": "out",
              "path": "/nix/store/d1gv76n00fhcaxmz3dw5khxvbg04lzxj-kubectx-0.9.5",
              "default": true
            }
          ],
          "store_path": "/nix/store/d1gv76n00fhcaxmz3dw5khxvbg04lzxj-kubectx-0.9.5"
        }
      }
    },
    "kubernetes-helm@3.17.3": {
      "last_modified": "2025-04-10T20:20:34Z",
      "resolved": "github:NixOS/nixpkgs/d19cf9dfc633816a437204555afeb9e722386b76#kubernetes-helm",
      "source": "devbox-search",
      "version": "3.17.3",
      "systems": {
        "aarch64-darwin": {
          "outputs": [
            {
              "name": "out",
              "path": "/nix/store/4dmgpl8ldac8i190r5blsi6f95nb8sb8-kubernetes-helm-3.17.3",
              "default": true
            }
          ],
          "store_path": "/nix/store/4dmgpl8ldac8i190r5blsi6f95nb8sb8-kubernetes-helm-3.17.3"
        },
        "aarch64-linux": {
          "outputs": [
            {
              "name": "out",
              "path": "/nix/store/hzmprxfipk2l3yb6455n849ks4gypl9g-kubernetes-helm-3.17.3",
              "default": true
            }
          ],
          "store_path": "/nix/store/hzmprxfipk2l3yb6455n849ks4gypl9g-kubernetes-helm-3.17.3"
        },
        "x86_64-darwin": {
          "outputs": [
            {
              "name": "out",
              "path": "/nix/store/0nx384vvzwwwbrk5vqvsy1wzcravxn7j-kubernetes-helm-3.17.3",
              "default": true
            }
          ],
          "store_path": "/nix/store/0nx384vvzwwwbrk5vqvsy1wzcravxn7j-kubernetes-helm-3.17.3"
        },
        "x86_64-linux": {
          "outputs": [
            {
              "name": "out",
              "path": "/nix/store/4gz844q6xmiklm4416vzzr4h7sw8ajf9-kubernetes-helm-3.17.3",
              "default": true
            }
          ],
          "store_path": "/nix/store/4gz844q6xmiklm4416vzzr4h7sw8ajf9-kubernetes-helm-3.17.3"
        }
      }
    },
    "ngrok@3.19.1": {
      "last_modified": "2025-03-23T05:31:05Z",
      "resolved": "github:NixOS/nixpkgs/dd613136ee91f67e5dba3f3f41ac99ae89c5406b#ngrok",
      "source": "devbox-search",
      "version": "3.19.1",
      "systems": {
        "aarch64-darwin": {
          "outputs": [
            {
              "name": "out",
              "path": "/nix/store/d069gnpdsn1nyp9ckihi39psafkfiip3-ngrok-3.19.1",
              "default": true
            }
          ],
          "store_path": "/nix/store/d069gnpdsn1nyp9ckihi39psafkfiip3-ngrok-3.19.1"
        },
        "aarch64-linux": {
          "outputs": [
            {
              "name": "out",
              "path": "/nix/store/9g1zqviqgly8slyprlp7m9qgp8c46fxy-ngrok-3.19.1",
              "default": true
            }
          ],
          "store_path": "/nix/store/9g1zqviqgly8slyprlp7m9qgp8c46fxy-ngrok-3.19.1"
        },
        "x86_64-darwin": {
          "outputs": [
            {
              "name": "out",
              "path": "/nix/store/1gd1p4yz4i0lz55p6alv7jdwrg8y5m22-ngrok-3.19.1",
              "default": true
            }
          ],
          "store_path": "/nix/store/1gd1p4yz4i0lz55p6alv7jdwrg8y5m22-ngrok-3.19.1"
        },
        "x86_64-linux": {
          "outputs": [
            {
              "name": "out",
              "path": "/nix/store/1p21ymqdcb5hakm1khw8cpz3iqr0bdz6-ngrok-3.19.1",
              "default": true
            }
          ],
          "store_path": "/nix/store/1p21ymqdcb5hakm1khw8cpz3iqr0bdz6-ngrok-3.19.1"
        }
      }
    },
    "vcluster@0.24.1": {
      "last_modified": "2025-04-10T20:20:34Z",
      "resolved": "github:NixOS/nixpkgs/d19cf9dfc633816a437204555afeb9e722386b76#vcluster",
      "source": "devbox-search",
      "version": "0.24.1",
      "systems": {
        "aarch64-darwin": {
          "outputs": [
            {
              "name": "out",
              "path": "/nix/store/rzz3w8g1rdaf7yx7c88fxjjg96rwrd6v-vcluster-0.24.1",
              "default": true
            }
          ],
          "store_path": "/nix/store/rzz3w8g1rdaf7yx7c88fxjjg96rwrd6v-vcluster-0.24.1"
        },
        "aarch64-linux": {
          "outputs": [
            {
              "name": "out",
              "path": "/nix/store/8f0vakmnkm2c5l0bwbwbqwnyfbhfd9gk-vcluster-0.24.1",
              "default": true
            }
          ],
          "store_path": "/nix/store/8f0vakmnkm2c5l0bwbwbqwnyfbhfd9gk-vcluster-0.24.1"
        },
        "x86_64-darwin": {
          "outputs": [
            {
              "name": "out",
              "path": "/nix/store/f3fpnak2pgkjwxp80apx8ksmzlhyz4vx-vcluster-0.24.1",
              "default": true
            }
          ],
          "store_path": "/nix/store/f3fpnak2pgkjwxp80apx8ksmzlhyz4vx-vcluster-0.24.1"
        },
        "x86_64-linux": {
          "outputs": [
            {
              "name": "out",
              "path": "/nix/store/jdzwvkqy0cy83pyl97spbcbpvmmfrn8z-vcluster-0.24.1",
              "default": true
            }
          ],
          "store_path": "/nix/store/jdzwvkqy0cy83pyl97spbcbpvmmfrn8z-vcluster-0.24.1"
        }
      }
    }
  }
}
